
Microsoft Visual Studio Solution File, Format Version 12.00
# Visual Studio Version 16
VisualStudioVersion = 16.0.30611.23
MinimumVisualStudioVersion = 10.0.40219.1
Project("{FAE04EC0-301F-11D3-BF4B-00C04F79EFBC}") = "LotteryMVC", "LotteryMVC\LotteryMVC.csproj", "{B608EB0F-0661-46B6-A2B4-01BAFD20DFB3}"
EndProject
Project("{FAE04EC0-301F-11D3-BF4B-00C04F79EFBC}") = "WebApplication1", "WebApplication1\WebApplication1.csproj", "{7F7AF39C-66E2-432A-B93B-AEA51FE83C7B}"
EndProject
Global
	GlobalSection(SolutionConfigurationPlatforms) = preSolution
		Debug|Any CPU = Debug|Any CPU
		Release|Any CPU = Release|Any CPU
	EndGlobalSection
	GlobalSection(ProjectConfigurationPlatforms) = postSolution
		{B608EB0F-0661-46B6-A2B4-01BAFD20DFB3}.Debug|Any CPU.ActiveCfg = Debug|Any CPU
		{B608EB0F-0661-46B6-A2B4-01BAFD20DFB3}.Debug|Any CPU.Build.0 = Debug|Any CPU
		{B608EB0F-0661-46B6-A2B4-01BAFD20DFB3}.Release|Any CPU.ActiveCfg = Release|Any CPU
		{B608EB0F-0661-46B6-A2B4-01BAFD20DFB3}.Release|Any CPU.Build.0 = Release|Any CPU
		{7F7AF39C-66E2-432A-B93B-AEA51FE83C7B}.Debug|Any CPU.ActiveCfg = Debug|Any CPU
		{7F7AF39C-66E2-432A-B93B-AEA51FE83C7B}.Debug|Any CPU.Build.0 = Debug|Any CPU
		{7F7AF39C-66E2-432A-B93B-AEA51FE83C7B}.Release|Any CPU.ActiveCfg = Release|Any CPU
		{7F7AF39C-66E2-432A-B93B-AEA51FE83C7B}.Release|Any CPU.Build.0 = Release|Any CPU
	EndGlobalSection
	GlobalSection(SolutionProperties) = preSolution
		HideSolutionNode = FALSE
	EndGlobalSection
	GlobalSection(ExtensibilityGlobals) = postSolution
		SolutionGuid = {85603334-E68B-4F50-8190-F8CF8AD303D8}
	EndGlobalSection
EndGlobal
